
Microsoft Visual Studio Solution File, Format Version 12.00
# Visual Studio Version 17
VisualStudioVersion = 17.0.31903.59
MinimumVisualStudioVersion = 10.0.40219.1
Project("{FAE04EC0-301F-11D3-BF4B-00C04F79EFBC}") = "TransportationEntity", "TransportationEntity\TransportationEntity.csproj", "{8E2EB255-998E-43EB-BAA5-A9918A30F640}"
EndProject
Project("{FAE04EC0-301F-11D3-BF4B-00C04F79EFBC}") = "Transportation.Data", "Transportation.Data\Transportation.Data.csproj", "{C5D8D556-C449-4807-A70F-4546ACAC17A0}"
EndProject
Project("{FAE04EC0-301F-11D3-BF4B-00C04F79EFBC}") = "Transportation.Business", "Transportation.Business\Transportation.Business.csproj", "{ED06F028-22B8-4B7C-A64C-537D5DC2D83F}"
EndProject
Project("{FAE04EC0-301F-11D3-BF4B-00C04F79EFBC}") = "Transportation.WebUI", "Transportation.WebUI\Transportation.WebUI.csproj", "{764790C6-024E-46D4-8BF9-A39CE9C71A6C}"
EndProject
Global
	GlobalSection(SolutionConfigurationPlatforms) = preSolution
		Debug|Any CPU = Debug|Any CPU
		Release|Any CPU = Release|Any CPU
	EndGlobalSection
	GlobalSection(ProjectConfigurationPlatforms) = postSolution
		{8E2EB255-998E-43EB-BAA5-A9918A30F640}.Debug|Any CPU.ActiveCfg = Debug|Any CPU
		{8E2EB255-998E-43EB-BAA5-A9918A30F640}.Debug|Any CPU.Build.0 = Debug|Any CPU
		{8E2EB255-998E-43EB-BAA5-A9918A30F640}.Release|Any CPU.ActiveCfg = Release|Any CPU
		{8E2EB255-998E-43EB-BAA5-A9918A30F640}.Release|Any CPU.Build.0 = Release|Any CPU
		{C5D8D556-C449-4807-A70F-4546ACAC17A0}.Debug|Any CPU.ActiveCfg = Debug|Any CPU
		{C5D8D556-C449-4807-A70F-4546ACAC17A0}.Debug|Any CPU.Build.0 = Debug|Any CPU
		{C5D8D556-C449-4807-A70F-4546ACAC17A0}.Release|Any CPU.ActiveCfg = Release|Any CPU
		{C5D8D556-C449-4807-A70F-4546ACAC17A0}.Release|Any CPU.Build.0 = Release|Any CPU
		{ED06F028-22B8-4B7C-A64C-537D5DC2D83F}.Debug|Any CPU.ActiveCfg = Debug|Any CPU
		{ED06F028-22B8-4B7C-A64C-537D5DC2D83F}.Debug|Any CPU.Build.0 = Debug|Any CPU
		{ED06F028-22B8-4B7C-A64C-537D5DC2D83F}.Release|Any CPU.ActiveCfg = Release|Any CPU
		{ED06F028-22B8-4B7C-A64C-537D5DC2D83F}.Release|Any CPU.Build.0 = Release|Any CPU
		{764790C6-024E-46D4-8BF9-A39CE9C71A6C}.Debug|Any CPU.ActiveCfg = Debug|Any CPU
		{764790C6-024E-46D4-8BF9-A39CE9C71A6C}.Debug|Any CPU.Build.0 = Debug|Any CPU
		{764790C6-024E-46D4-8BF9-A39CE9C71A6C}.Release|Any CPU.ActiveCfg = Release|Any CPU
		{764790C6-024E-46D4-8BF9-A39CE9C71A6C}.Release|Any CPU.Build.0 = Release|Any CPU
	EndGlobalSection
	GlobalSection(SolutionProperties) = preSolution
		HideSolutionNode = FALSE
	EndGlobalSection
	GlobalSection(ExtensibilityGlobals) = postSolution
		SolutionGuid = {8A316E2E-E1D3-4EBB-9176-7C83CD49C582}
	EndGlobalSection
EndGlobal
