
Microsoft Visual Studio Solution File, Format Version 12.00
# Visual Studio Version 17
VisualStudioVersion = 17.0.31903.59
MinimumVisualStudioVersion = 10.0.40219.1
Project("{9A19103F-16F7-4668-BE54-9A1E7A4F7556}") = "TransportationEntity", "TransportationEntity\TransportationEntity.csproj", "{8E2EB255-998E-43EB-BAA5-A9918A30F640}"
EndProject
Project("{9A19103F-16F7-4668-BE54-9A1E7A4F7556}") = "Transportation.Data", "Transportation.Data\Transportation.Data.csproj", "{C5D8D556-C449-4807-A70F-4546ACAC17A0}"
EndProject
Project("{9A19103F-16F7-4668-BE54-9A1E7A4F7556}") = "Transportation.Business", "Transportation.Business\Transportation.Business.csproj", "{ED06F028-22B8-4B7C-A64C-537D5DC2D83F}"
EndProject
Project("{9A19103F-16F7-4668-BE54-9A1E7A4F7556}") = "Transportation.MVC", "Transportation.MVC\Transportation.MVC.csproj", "{32558D3E-BD61-4F2E-B10E-D1FDF04FFCBD}"
EndProject
Global
	GlobalSection(SolutionConfigurationPlatforms) = preSolution
		Debug|Any CPU = Debug|Any CPU
		Release|Any CPU = Release|Any CPU
	EndGlobalSection
	GlobalSection(ProjectConfigurationPlatforms) = postSolution
		{8E2EB255-998E-43EB-BAA5-A9918A30F640}.Debug|Any CPU.ActiveCfg = Debug|Any CPU
		{8E2EB255-998E-43EB-BAA5-A9918A30F640}.Debug|Any CPU.Build.0 = Debug|Any CPU
		{8E2EB255-998E-43EB-BAA5-A9918A30F640}.Release|Any CPU.ActiveCfg = Release|Any CPU
		{8E2EB255-998E-43EB-BAA5-A9918A30F640}.Release|Any CPU.Build.0 = Release|Any CPU
		{C5D8D556-C449-4807-A70F-4546ACAC17A0}.Debug|Any CPU.ActiveCfg = Debug|Any CPU
		{C5D8D556-C449-4807-A70F-4546ACAC17A0}.Debug|Any CPU.Build.0 = Debug|Any CPU
		{C5D8D556-C449-4807-A70F-4546ACAC17A0}.Release|Any CPU.ActiveCfg = Release|Any CPU
		{C5D8D556-C449-4807-A70F-4546ACAC17A0}.Release|Any CPU.Build.0 = Release|Any CPU
		{ED06F028-22B8-4B7C-A64C-537D5DC2D83F}.Debug|Any CPU.ActiveCfg = Debug|Any CPU
		{ED06F028-22B8-4B7C-A64C-537D5DC2D83F}.Debug|Any CPU.Build.0 = Debug|Any CPU
		{ED06F028-22B8-4B7C-A64C-537D5DC2D83F}.Release|Any CPU.ActiveCfg = Release|Any CPU
		{ED06F028-22B8-4B7C-A64C-537D5DC2D83F}.Release|Any CPU.Build.0 = Release|Any CPU
		{32558D3E-BD61-4F2E-B10E-D1FDF04FFCBD}.Debug|Any CPU.ActiveCfg = Debug|Any CPU
		{32558D3E-BD61-4F2E-B10E-D1FDF04FFCBD}.Debug|Any CPU.Build.0 = Debug|Any CPU
		{32558D3E-BD61-4F2E-B10E-D1FDF04FFCBD}.Release|Any CPU.ActiveCfg = Release|Any CPU
		{32558D3E-BD61-4F2E-B10E-D1FDF04FFCBD}.Release|Any CPU.Build.0 = Release|Any CPU
	EndGlobalSection
	GlobalSection(SolutionProperties) = preSolution
		HideSolutionNode = FALSE
	EndGlobalSection
	GlobalSection(ExtensibilityGlobals) = postSolution
		SolutionGuid = {8A316E2E-E1D3-4EBB-9176-7C83CD49C582}
	EndGlobalSection
EndGlobal
